
Microsoft Visual Studio Solution File, Format Version 12.00
# Visual Studio Version 17
VisualStudioVersion = 17.6.33829.357
MinimumVisualStudioVersion = 10.0.40219.1
Project("{8BC9CEB8-8B4A-11D0-8D11-00A0C91BC942}") = "SandBox", "SandBox\SandBox.vcxproj", "{39E3F960-9AEA-4573-834C-9B8F5CC0F452}"
EndProject
Project("{8BC9CEB8-8B4A-11D0-8D11-00A0C91BC942}") = "Sorrow", "Sorrow\Sorrow.vcxproj", "{E4E8F5F2-BB30-483F-A823-FD1C26827567}"
EndProject
Global
	GlobalSection(SolutionConfigurationPlatforms) = preSolution
		Debug|x64 = Debug|x64
		Release|x64 = Release|x64
	EndGlobalSection
	GlobalSection(ProjectConfigurationPlatforms) = postSolution
		{E4E8F5F2-BB30-483F-A823-FD1C26827567}.Debug|x64.ActiveCfg = Debug|x64
		{E4E8F5F2-BB30-483F-A823-FD1C26827567}.Debug|x64.Build.0 = Debug|x64
		{E4E8F5F2-BB30-483F-A823-FD1C26827567}.Release|x64.ActiveCfg = Release|x64
		{E4E8F5F2-BB30-483F-A823-FD1C26827567}.Release|x64.Build.0 = Release|x64
		{39E3F960-9AEA-4573-834C-9B8F5CC0F452}.Debug|x64.ActiveCfg = Debug|x64
		{39E3F960-9AEA-4573-834C-9B8F5CC0F452}.Debug|x64.Build.0 = Debug|x64
		{39E3F960-9AEA-4573-834C-9B8F5CC0F452}.Release|x64.ActiveCfg = Release|x64
		{39E3F960-9AEA-4573-834C-9B8F5CC0F452}.Release|x64.Build.0 = Release|x64
	EndGlobalSection
	GlobalSection(SolutionProperties) = preSolution
		HideSolutionNode = FALSE
	EndGlobalSection
	GlobalSection(ExtensibilityGlobals) = postSolution
		SolutionGuid = {622E2096-0493-4997-BD4D-BD0394BE0FE3}
	EndGlobalSection
EndGlobal
