<?xml version="1.0" encoding="utf-8"?>
<Project ToolsVersion="4.0" xmlns="http://schemas.microsoft.com/developer/msbuild/2003">
  <ItemGroup>
    <Filter Include="Platform">
      <UniqueIdentifier>{2AC788B4-1694-E3BF-3FAD-D1672BD9184E}</UniqueIdentifier>
    </Filter>
    <Filter Include="Platform\OpenGL">
      <UniqueIdentifier>{1E7D2C1D-8A08-9AE1-9319-1DD6FF23F6E1}</UniqueIdentifier>
    </Filter>
    <Filter Include="Platform\Windows">
      <UniqueIdentifier>{64FBD71A-50F4-F66C-7926-DCF1657ED678}</UniqueIdentifier>
    </Filter>
    <Filter Include="Sorrow">
      <UniqueIdentifier>{D14794D1-BDE9-BEA7-A6A4-D2FB92E545F8}</UniqueIdentifier>
    </Filter>
    <Filter Include="Sorrow\Events">
      <UniqueIdentifier>{95DE52B2-019F-CEE8-CAD9-1766365913C5}</UniqueIdentifier>
    </Filter>
    <Filter Include="Sorrow\ImGui">
      <UniqueIdentifier>{BB95C162-A7F8-5007-507E-89BD3CC01C8A}</UniqueIdentifier>
    </Filter>
  </ItemGroup>
  <ItemGroup>
    <ClInclude Include="src\Platform\OpenGL\ImGuiOpenGLRenderer.h">
      <Filter>Platform\OpenGL</Filter>
    </ClInclude>
    <ClInclude Include="src\Platform\Windows\WindowsWindow.h">
      <Filter>Platform\Windows</Filter>
    </ClInclude>
    <ClInclude Include="src\Sorrow.h" />
    <ClInclude Include="src\Sorrow\Application.h">
      <Filter>Sorrow</Filter>
    </ClInclude>
    <ClInclude Include="src\Sorrow\Core.h">
      <Filter>Sorrow</Filter>
    </ClInclude>
    <ClInclude Include="src\Sorrow\EntryPoint.h">
      <Filter>Sorrow</Filter>
    </ClInclude>
    <ClInclude Include="src\Sorrow\Events\ApplicationEvent.h">
      <Filter>Sorrow\Events</Filter>
    </ClInclude>
    <ClInclude Include="src\Sorrow\Events\Event.h">
      <Filter>Sorrow\Events</Filter>
    </ClInclude>
    <ClInclude Include="src\Sorrow\Events\KeyEvent.h">
      <Filter>Sorrow\Events</Filter>
    </ClInclude>
    <ClInclude Include="src\Sorrow\Events\MouseEvent.h">
      <Filter>Sorrow\Events</Filter>
    </ClInclude>
    <ClInclude Include="src\Sorrow\ImGui\ImGuiLayer.h">
      <Filter>Sorrow\ImGui</Filter>
    </ClInclude>
    <ClInclude Include="src\Sorrow\Layer.h">
      <Filter>Sorrow</Filter>
    </ClInclude>
    <ClInclude Include="src\Sorrow\LayerStack.h">
      <Filter>Sorrow</Filter>
    </ClInclude>
    <ClInclude Include="src\Sorrow\Log.h">
      <Filter>Sorrow</Filter>
    </ClInclude>
    <ClInclude Include="src\Sorrow\Window.h">
      <Filter>Sorrow</Filter>
    </ClInclude>
    <ClInclude Include="src\swpch.h" />
    <ClInclude Include="src\Platform\OpenGL\ImGuiOpenGLLoader.h" />
  </ItemGroup>
  <ItemGroup>
    <ClCompile Include="src\Platform\OpenGL\ImGuiOpenGLRenderer.cpp">
      <Filter>Platform\OpenGL</Filter>
    </ClCompile>
    <ClCompile Include="src\Platform\Windows\WindowsWindow.cpp">
      <Filter>Platform\Windows</Filter>
    </ClCompile>
    <ClCompile Include="src\Sorrow\Application.cpp">
      <Filter>Sorrow</Filter>
    </ClCompile>
    <ClCompile Include="src\Sorrow\ImGui\ImGuiLayer.cpp">
      <Filter>Sorrow\ImGui</Filter>
    </ClCompile>
    <ClCompile Include="src\Sorrow\Layer.cpp">
      <Filter>Sorrow</Filter>
    </ClCompile>
    <ClCompile Include="src\Sorrow\LayerStack.cpp">
      <Filter>Sorrow</Filter>
    </ClCompile>
    <ClCompile Include="src\Sorrow\Log.cpp">
      <Filter>Sorrow</Filter>
    </ClCompile>
    <ClCompile Include="src\swpch.cpp" />
  </ItemGroup>
</Project>