<?xml version="1.0" encoding="utf-8"?>
<Project ToolsVersion="4.0" xmlns="http://schemas.microsoft.com/developer/msbuild/2003">
  <ItemGroup>
    <Filter Include="Sorrow">
      <UniqueIdentifier>{D14794D1-BDE9-BEA7-A6A4-D2FB92E545F8}</UniqueIdentifier>
    </Filter>
    <Filter Include="Sorrow\Events">
      <UniqueIdentifier>{95DE52B2-019F-CEE8-CAD9-1766365913C5}</UniqueIdentifier>
    </Filter>
  </ItemGroup>
  <ItemGroup>
    <ClInclude Include="src\Sorrow.h" />
    <ClInclude Include="src\Sorrow\Application.h">
      <Filter>Sorrow</Filter>
    </ClInclude>
    <ClInclude Include="src\Sorrow\Core.h">
      <Filter>Sorrow</Filter>
    </ClInclude>
    <ClInclude Include="src\Sorrow\EntryPoint.h">
      <Filter>Sorrow</Filter>
    </ClInclude>
    <ClInclude Include="src\Sorrow\Events\ApplicationEvent.h">
      <Filter>Sorrow\Events</Filter>
    </ClInclude>
    <ClInclude Include="src\Sorrow\Events\Event.h">
      <Filter>Sorrow\Events</Filter>
    </ClInclude>
    <ClInclude Include="src\Sorrow\Events\KeyEvent.h">
      <Filter>Sorrow\Events</Filter>
    </ClInclude>
    <ClInclude Include="src\Sorrow\Events\MouseEvent.h">
      <Filter>Sorrow\Events</Filter>
    </ClInclude>
    <ClInclude Include="src\Sorrow\Log.h">
      <Filter>Sorrow</Filter>
    </ClInclude>
    <ClInclude Include="src\swpch.h" />
  </ItemGroup>
  <ItemGroup>
    <ClCompile Include="src\Sorrow\Application.cpp">
      <Filter>Sorrow</Filter>
    </ClCompile>
    <ClCompile Include="src\Sorrow\Log.cpp">
      <Filter>Sorrow</Filter>
    </ClCompile>
    <ClCompile Include="src\swpch.cpp" />
  </ItemGroup>
</Project>